// !$*UTF8*$!
{
	archiveVersion = 1;
	classes = {
	};
	objectVersion = 56;
	objects = {

/* Begin PBXBuildFile section */
		252700BD4E8A1304107B0CD7 /* Pods_NamozVaqtlari_API.framework in Frameworks */ = {isa = PBXBuildFile; fileRef = 788EE56CC6EBE761D1B4BB5C /* Pods_NamozVaqtlari_API.framework */; };
		CC5AA394296444E60008ADF2 /* AppDelegate.swift in Sources */ = {isa = PBXBuildFile; fileRef = CC5AA393296444E60008ADF2 /* AppDelegate.swift */; };
		CC5AA396296444E60008ADF2 /* SceneDelegate.swift in Sources */ = {isa = PBXBuildFile; fileRef = CC5AA395296444E60008ADF2 /* SceneDelegate.swift */; };
		CC5AA398296444E60008ADF2 /* ViewController.swift in Sources */ = {isa = PBXBuildFile; fileRef = CC5AA397296444E60008ADF2 /* ViewController.swift */; };
		CC5AA39B296444E60008ADF2 /* Main.storyboard in Resources */ = {isa = PBXBuildFile; fileRef = CC5AA399296444E60008ADF2 /* Main.storyboard */; };
		CC5AA39E296444E60008ADF2 /* NamozVaqtlari_API.xcdatamodeld in Sources */ = {isa = PBXBuildFile; fileRef = CC5AA39C296444E60008ADF2 /* NamozVaqtlari_API.xcdatamodeld */; };
		CC5AA3A0296444E70008ADF2 /* Assets.xcassets in Resources */ = {isa = PBXBuildFile; fileRef = CC5AA39F296444E70008ADF2 /* Assets.xcassets */; };
		CC5AA3A3296444E70008ADF2 /* LaunchScreen.storyboard in Resources */ = {isa = PBXBuildFile; fileRef = CC5AA3A1296444E70008ADF2 /* LaunchScreen.storyboard */; };
/* End PBXBuildFile section */

/* Begin PBXFileReference section */
		788EE56CC6EBE761D1B4BB5C /* Pods_NamozVaqtlari_API.framework */ = {isa = PBXFileReference; explicitFileType = wrapper.framework; includeInIndex = 0; path = Pods_NamozVaqtlari_API.framework; sourceTree = BUILT_PRODUCTS_DIR; };
		AEA10117F09C9AC96408525C /* Pods-NamozVaqtlari_API.release.xcconfig */ = {isa = PBXFileReference; includeInIndex = 1; lastKnownFileType = text.xcconfig; name = "Pods-NamozVaqtlari_API.release.xcconfig"; path = "Target Support Files/Pods-NamozVaqtlari_API/Pods-NamozVaqtlari_API.release.xcconfig"; sourceTree = "<group>"; };
		CC5AA390296444E60008ADF2 /* NamozVaqtlari_API.app */ = {isa = PBXFileReference; explicitFileType = wrapper.application; includeInIndex = 0; path = NamozVaqtlari_API.app; sourceTree = BUILT_PRODUCTS_DIR; };
		CC5AA393296444E60008ADF2 /* AppDelegate.swift */ = {isa = PBXFileReference; lastKnownFileType = sourcecode.swift; path = AppDelegate.swift; sourceTree = "<group>"; };
		CC5AA395296444E60008ADF2 /* SceneDelegate.swift */ = {isa = PBXFileReference; lastKnownFileType = sourcecode.swift; path = SceneDelegate.swift; sourceTree = "<group>"; };
		CC5AA397296444E60008ADF2 /* ViewController.swift */ = {isa = PBXFileReference; lastKnownFileType = sourcecode.swift; path = ViewController.swift; sourceTree = "<group>"; };
		CC5AA39A296444E60008ADF2 /* Base */ = {isa = PBXFileReference; lastKnownFileType = file.storyboard; name = Base; path = Base.lproj/Main.storyboard; sourceTree = "<group>"; };
		CC5AA39D296444E60008ADF2 /* NamozVaqtlari_API.xcdatamodel */ = {isa = PBXFileReference; lastKnownFileType = wrapper.xcdatamodel; path = NamozVaqtlari_API.xcdatamodel; sourceTree = "<group>"; };
		CC5AA39F296444E70008ADF2 /* Assets.xcassets */ = {isa = PBXFileReference; lastKnownFileType = folder.assetcatalog; path = Assets.xcassets; sourceTree = "<group>"; };
		CC5AA3A2296444E70008ADF2 /* Base */ = {isa = PBXFileReference; lastKnownFileType = file.storyboard; name = Base; path = Base.lproj/LaunchScreen.storyboard; sourceTree = "<group>"; };
		CC5AA3A4296444E70008ADF2 /* Info.plist */ = {isa = PBXFileReference; lastKnownFileType = text.plist.xml; path = Info.plist; sourceTree = "<group>"; };
		EAD8C7CFF05E28452E7298A0 /* Pods-NamozVaqtlari_API.debug.xcconfig */ = {isa = PBXFileReference; includeInIndex = 1; lastKnownFileType = text.xcconfig; name = "Pods-NamozVaqtlari_API.debug.xcconfig"; path = "Target Support Files/Pods-NamozVaqtlari_API/Pods-NamozVaqtlari_API.debug.xcconfig"; sourceTree = "<group>"; };
/* End PBXFileReference section */

/* Begin PBXFrameworksBuildPhase section */
		CC5AA38D296444E60008ADF2 /* Frameworks */ = {
			isa = PBXFrameworksBuildPhase;
			buildActionMask = 2147483647;
			files = (
				252700BD4E8A1304107B0CD7 /* Pods_NamozVaqtlari_API.framework in Frameworks */,
			);
			runOnlyForDeploymentPostprocessing = 0;
		};
/* End PBXFrameworksBuildPhase section */

/* Begin PBXGroup section */
		1D687D4827122E7A8835EFF2 /* Pods */ = {
			isa = PBXGroup;
			children = (
				EAD8C7CFF05E28452E7298A0 /* Pods-NamozVaqtlari_API.debug.xcconfig */,
				AEA10117F09C9AC96408525C /* Pods-NamozVaqtlari_API.release.xcconfig */,
			);
			path = Pods;
			sourceTree = "<group>";
		};
		AA33EDF8B96C397C9E185894 /* Frameworks */ = {
			isa = PBXGroup;
			children = (
				788EE56CC6EBE761D1B4BB5C /* Pods_NamozVaqtlari_API.framework */,
			);
			name = Frameworks;
			sourceTree = "<group>";
		};
		CC5AA387296444E60008ADF2 = {
			isa = PBXGroup;
			children = (
				CC5AA392296444E60008ADF2 /* NamozVaqtlari_API */,
				CC5AA391296444E60008ADF2 /* Products */,
				1D687D4827122E7A8835EFF2 /* Pods */,
				AA33EDF8B96C397C9E185894 /* Frameworks */,
			);
			sourceTree = "<group>";
		};
		CC5AA391296444E60008ADF2 /* Products */ = {
			isa = PBXGroup;
			children = (
				CC5AA390296444E60008ADF2 /* NamozVaqtlari_API.app */,
			);
			name = Products;
			sourceTree = "<group>";
		};
		CC5AA392296444E60008ADF2 /* NamozVaqtlari_API */ = {
			isa = PBXGroup;
			children = (
				CCE6585C29644C15008AA098 /* App Delegate */,
				CCE6585B29644C0D008AA098 /* Model */,
				CCE6585A29644BF7008AA098 /* View */,
				CCE6585929644BC0008AA098 /* Controller */,
				CC5AA39F296444E70008ADF2 /* Assets.xcassets */,
				CC5AA3A4296444E70008ADF2 /* Info.plist */,
				CC5AA39C296444E60008ADF2 /* NamozVaqtlari_API.xcdatamodeld */,
			);
			path = NamozVaqtlari_API;
			sourceTree = "<group>";
		};
		CCE6585929644BC0008AA098 /* Controller */ = {
			isa = PBXGroup;
			children = (
				CC5AA397296444E60008ADF2 /* ViewController.swift */,
			);
			path = Controller;
			sourceTree = "<group>";
		};
		CCE6585A29644BF7008AA098 /* View */ = {
			isa = PBXGroup;
			children = (
				CC5AA399296444E60008ADF2 /* Main.storyboard */,
				CC5AA3A1296444E70008ADF2 /* LaunchScreen.storyboard */,
			);
			path = View;
			sourceTree = "<group>";
		};
		CCE6585B29644C0D008AA098 /* Model */ = {
			isa = PBXGroup;
			children = (
			);
			path = Model;
			sourceTree = "<group>";
		};
		CCE6585C29644C15008AA098 /* App Delegate */ = {
			isa = PBXGroup;
			children = (
				CC5AA393296444E60008ADF2 /* AppDelegate.swift */,
				CC5AA395296444E60008ADF2 /* SceneDelegate.swift */,
			);
			path = "App Delegate";
			sourceTree = "<group>";
		};
/* End PBXGroup section */

/* Begin PBXNativeTarget section */
		CC5AA38F296444E60008ADF2 /* NamozVaqtlari_API */ = {
			isa = PBXNativeTarget;
			buildConfigurationList = CC5AA3A7296444E70008ADF2 /* Build configuration list for PBXNativeTarget "NamozVaqtlari_API" */;
			buildPhases = (
				BF8DA2D5D2FA06440CF41ECE /* [CP] Check Pods Manifest.lock */,
				CC5AA38C296444E60008ADF2 /* Sources */,
				CC5AA38D296444E60008ADF2 /* Frameworks */,
				CC5AA38E296444E60008ADF2 /* Resources */,
				D2CA356DADEEB141594EA077 /* [CP] Embed Pods Frameworks */,
			);
			buildRules = (
			);
			dependencies = (
			);
			name = NamozVaqtlari_API;
			productName = NamozVaqtlari_API;
			productReference = CC5AA390296444E60008ADF2 /* NamozVaqtlari_API.app */;
			productType = "com.apple.product-type.application";
		};
/* End PBXNativeTarget section */

/* Begin PBXProject section */
		CC5AA388296444E60008ADF2 /* Project object */ = {
			isa = PBXProject;
			attributes = {
				BuildIndependentTargetsInParallel = 1;
				LastSwiftUpdateCheck = 1420;
				LastUpgradeCheck = 1420;
				TargetAttributes = {
					CC5AA38F296444E60008ADF2 = {
						CreatedOnToolsVersion = 14.2;
					};
				};
			};
			buildConfigurationList = CC5AA38B296444E60008ADF2 /* Build configuration list for PBXProject "NamozVaqtlari_API" */;
			compatibilityVersion = "Xcode 14.0";
			developmentRegion = en;
			hasScannedForEncodings = 0;
			knownRegions = (
				en,
				Base,
			);
			mainGroup = CC5AA387296444E60008ADF2;
			productRefGroup = CC5AA391296444E60008ADF2 /* Products */;
			projectDirPath = "";
			projectRoot = "";
			targets = (
				CC5AA38F296444E60008ADF2 /* NamozVaqtlari_API */,
			);
		};
/* End PBXProject section */

/* Begin PBXResourcesBuildPhase section */
		CC5AA38E296444E60008ADF2 /* Resources */ = {
			isa = PBXResourcesBuildPhase;
			buildActionMask = 2147483647;
			files = (
				CC5AA3A3296444E70008ADF2 /* LaunchScreen.storyboard in Resources */,
				CC5AA3A0296444E70008ADF2 /* Assets.xcassets in Resources */,
				CC5AA39B296444E60008ADF2 /* Main.storyboard in Resources */,
			);
			runOnlyForDeploymentPostprocessing = 0;
		};
/* End PBXResourcesBuildPhase section */

/* Begin PBXShellScriptBuildPhase section */
		BF8DA2D5D2FA06440CF41ECE /* [CP] Check Pods Manifest.lock */ = {
			isa = PBXShellScriptBuildPhase;
			buildActionMask = 2147483647;
			files = (
			);
			inputFileListPaths = (
			);
			inputPaths = (
				"${PODS_PODFILE_DIR_PATH}/Podfile.lock",
				"${PODS_ROOT}/Manifest.lock",
			);
			name = "[CP] Check Pods Manifest.lock";
			outputFileListPaths = (
			);
			outputPaths = (
				"$(DERIVED_FILE_DIR)/Pods-NamozVaqtlari_API-checkManifestLockResult.txt",
			);
			runOnlyForDeploymentPostprocessing = 0;
			shellPath = /bin/sh;
			shellScript = "diff \"${PODS_PODFILE_DIR_PATH}/Podfile.lock\" \"${PODS_ROOT}/Manifest.lock\" > /dev/null\nif [ $? != 0 ] ; then\n    # print error to STDERR\n    echo \"error: The sandbox is not in sync with the Podfile.lock. Run 'pod install' or update your CocoaPods installation.\" >&2\n    exit 1\nfi\n# This output is used by Xcode 'outputs' to avoid re-running this script phase.\necho \"SUCCESS\" > \"${SCRIPT_OUTPUT_FILE_0}\"\n";
			showEnvVarsInLog = 0;
		};
		D2CA356DADEEB141594EA077 /* [CP] Embed Pods Frameworks */ = {
			isa = PBXShellScriptBuildPhase;
			buildActionMask = 2147483647;
			files = (
			);
			inputFileListPaths = (
				"${PODS_ROOT}/Target Support Files/Pods-NamozVaqtlari_API/Pods-NamozVaqtlari_API-frameworks-${CONFIGURATION}-input-files.xcfilelist",
			);
			name = "[CP] Embed Pods Frameworks";
			outputFileListPaths = (
				"${PODS_ROOT}/Target Support Files/Pods-NamozVaqtlari_API/Pods-NamozVaqtlari_API-frameworks-${CONFIGURATION}-output-files.xcfilelist",
			);
			runOnlyForDeploymentPostprocessing = 0;
			shellPath = /bin/sh;
			shellScript = "\"${PODS_ROOT}/Target Support Files/Pods-NamozVaqtlari_API/Pods-NamozVaqtlari_API-frameworks.sh\"\n";
			showEnvVarsInLog = 0;
		};
/* End PBXShellScriptBuildPhase section */

/* Begin PBXSourcesBuildPhase section */
		CC5AA38C296444E60008ADF2 /* Sources */ = {
			isa = PBXSourcesBuildPhase;
			buildActionMask = 2147483647;
			files = (
				CC5AA39E296444E60008ADF2 /* NamozVaqtlari_API.xcdatamodeld in Sources */,
				CC5AA398296444E60008ADF2 /* ViewController.swift in Sources */,
				CC5AA394296444E60008ADF2 /* AppDelegate.swift in Sources */,
				CC5AA396296444E60008ADF2 /* SceneDelegate.swift in Sources */,
			);
			runOnlyForDeploymentPostprocessing = 0;
		};
/* End PBXSourcesBuildPhase section */

/* Begin PBXVariantGroup section */
		CC5AA399296444E60008ADF2 /* Main.storyboard */ = {
			isa = PBXVariantGroup;
			children = (
				CC5AA39A296444E60008ADF2 /* Base */,
			);
			name = Main.storyboard;
			sourceTree = "<group>";
		};
		CC5AA3A1296444E70008ADF2 /* LaunchScreen.storyboard */ = {
			isa = PBXVariantGroup;
			children = (
				CC5AA3A2296444E70008ADF2 /* Base */,
			);
			name = LaunchScreen.storyboard;
			sourceTree = "<group>";
		};
/* End PBXVariantGroup section */

/* Begin XCBuildConfiguration section */
		CC5AA3A5296444E70008ADF2 /* Debug */ = {
			isa = XCBuildConfiguration;
			buildSettings = {
				ALWAYS_SEARCH_USER_PATHS = NO;
				CLANG_ANALYZER_NONNULL = YES;
				CLANG_ANALYZER_NUMBER_OBJECT_CONVERSION = YES_AGGRESSIVE;
				CLANG_CXX_LANGUAGE_STANDARD = "gnu++20";
				CLANG_ENABLE_MODULES = YES;
				CLANG_ENABLE_OBJC_ARC = YES;
				CLANG_ENABLE_OBJC_WEAK = YES;
				CLANG_WARN_BLOCK_CAPTURE_AUTORELEASING = YES;
				CLANG_WARN_BOOL_CONVERSION = YES;
				CLANG_WARN_COMMA = YES;
				CLANG_WARN_CONSTANT_CONVERSION = YES;
				CLANG_WARN_DEPRECATED_OBJC_IMPLEMENTATIONS = YES;
				CLANG_WARN_DIRECT_OBJC_ISA_USAGE = YES_ERROR;
				CLANG_WARN_DOCUMENTATION_COMMENTS = YES;
				CLANG_WARN_EMPTY_BODY = YES;
				CLANG_WARN_ENUM_CONVERSION = YES;
				CLANG_WARN_INFINITE_RECURSION = YES;
				CLANG_WARN_INT_CONVERSION = YES;
				CLANG_WARN_NON_LITERAL_NULL_CONVERSION = YES;
				CLANG_WARN_OBJC_IMPLICIT_RETAIN_SELF = YES;
				CLANG_WARN_OBJC_LITERAL_CONVERSION = YES;
				CLANG_WARN_OBJC_ROOT_CLASS = YES_ERROR;
				CLANG_WARN_QUOTED_INCLUDE_IN_FRAMEWORK_HEADER = YES;
				CLANG_WARN_RANGE_LOOP_ANALYSIS = YES;
				CLANG_WARN_STRICT_PROTOTYPES = YES;
				CLANG_WARN_SUSPICIOUS_MOVE = YES;
				CLANG_WARN_UNGUARDED_AVAILABILITY = YES_AGGRESSIVE;
				CLANG_WARN_UNREACHABLE_CODE = YES;
				CLANG_WARN__DUPLICATE_METHOD_MATCH = YES;
				COPY_PHASE_STRIP = NO;
				DEBUG_INFORMATION_FORMAT = dwarf;
				ENABLE_STRICT_OBJC_MSGSEND = YES;
				ENABLE_TESTABILITY = YES;
				GCC_C_LANGUAGE_STANDARD = gnu11;
				GCC_DYNAMIC_NO_PIC = NO;
				GCC_NO_COMMON_BLOCKS = YES;
				GCC_OPTIMIZATION_LEVEL = 0;
				GCC_PREPROCESSOR_DEFINITIONS = (
					"DEBUG=1",
					"$(inherited)",
				);
				GCC_WARN_64_TO_32_BIT_CONVERSION = YES;
				GCC_WARN_ABOUT_RETURN_TYPE = YES_ERROR;
				GCC_WARN_UNDECLARED_SELECTOR = YES;
				GCC_WARN_UNINITIALIZED_AUTOS = YES_AGGRESSIVE;
				GCC_WARN_UNUSED_FUNCTION = YES;
				GCC_WARN_UNUSED_VARIABLE = YES;
				IPHONEOS_DEPLOYMENT_TARGET = 16.2;
				MTL_ENABLE_DEBUG_INFO = INCLUDE_SOURCE;
				MTL_FAST_MATH = YES;
				ONLY_ACTIVE_ARCH = YES;
				SDKROOT = iphoneos;
				SWIFT_ACTIVE_COMPILATION_CONDITIONS = DEBUG;
				SWIFT_OPTIMIZATION_LEVEL = "-Onone";
			};
			name = Debug;
		};
		CC5AA3A6296444E70008ADF2 /* Release */ = {
			isa = XCBuildConfiguration;
			buildSettings = {
				ALWAYS_SEARCH_USER_PATHS = NO;
				CLANG_ANALYZER_NONNULL = YES;
				CLANG_ANALYZER_NUMBER_OBJECT_CONVERSION = YES_AGGRESSIVE;
				CLANG_CXX_LANGUAGE_STANDARD = "gnu++20";
				CLANG_ENABLE_MODULES = YES;
				CLANG_ENABLE_OBJC_ARC = YES;
				CLANG_ENABLE_OBJC_WEAK = YES;
				CLANG_WARN_BLOCK_CAPTURE_AUTORELEASING = YES;
				CLANG_WARN_BOOL_CONVERSION = YES;
				CLANG_WARN_COMMA = YES;
				CLANG_WARN_CONSTANT_CONVERSION = YES;
				CLANG_WARN_DEPRECATED_OBJC_IMPLEMENTATIONS = YES;
				CLANG_WARN_DIRECT_OBJC_ISA_USAGE = YES_ERROR;
				CLANG_WARN_DOCUMENTATION_COMMENTS = YES;
				CLANG_WARN_EMPTY_BODY = YES;
				CLANG_WARN_ENUM_CONVERSION = YES;
				CLANG_WARN_INFINITE_RECURSION = YES;
				CLANG_WARN_INT_CONVERSION = YES;
				CLANG_WARN_NON_LITERAL_NULL_CONVERSION = YES;
				CLANG_WARN_OBJC_IMPLICIT_RETAIN_SELF = YES;
				CLANG_WARN_OBJC_LITERAL_CONVERSION = YES;
				CLANG_WARN_OBJC_ROOT_CLASS = YES_ERROR;
				CLANG_WARN_QUOTED_INCLUDE_IN_FRAMEWORK_HEADER = YES;
				CLANG_WARN_RANGE_LOOP_ANALYSIS = YES;
				CLANG_WARN_STRICT_PROTOTYPES = YES;
				CLANG_WARN_SUSPICIOUS_MOVE = YES;
				CLANG_WARN_UNGUARDED_AVAILABILITY = YES_AGGRESSIVE;
				CLANG_WARN_UNREACHABLE_CODE = YES;
				CLANG_WARN__DUPLICATE_METHOD_MATCH = YES;
				COPY_PHASE_STRIP = NO;
				DEBUG_INFORMATION_FORMAT = "dwarf-with-dsym";
				ENABLE_NS_ASSERTIONS = NO;
				ENABLE_STRICT_OBJC_MSGSEND = YES;
				GCC_C_LANGUAGE_STANDARD = gnu11;
				GCC_NO_COMMON_BLOCKS = YES;
				GCC_WARN_64_TO_32_BIT_CONVERSION = YES;
				GCC_WARN_ABOUT_RETURN_TYPE = YES_ERROR;
				GCC_WARN_UNDECLARED_SELECTOR = YES;
				GCC_WARN_UNINITIALIZED_AUTOS = YES_AGGRESSIVE;
				GCC_WARN_UNUSED_FUNCTION = YES;
				GCC_WARN_UNUSED_VARIABLE = YES;
				IPHONEOS_DEPLOYMENT_TARGET = 16.2;
				MTL_ENABLE_DEBUG_INFO = NO;
				MTL_FAST_MATH = YES;
				SDKROOT = iphoneos;
				SWIFT_COMPILATION_MODE = wholemodule;
				SWIFT_OPTIMIZATION_LEVEL = "-O";
				VALIDATE_PRODUCT = YES;
			};
			name = Release;
		};
		CC5AA3A8296444E70008ADF2 /* Debug */ = {
			isa = XCBuildConfiguration;
			baseConfigurationReference = EAD8C7CFF05E28452E7298A0 /* Pods-NamozVaqtlari_API.debug.xcconfig */;
			buildSettings = {
				ASSETCATALOG_COMPILER_APPICON_NAME = AppIcon;
				ASSETCATALOG_COMPILER_GLOBAL_ACCENT_COLOR_NAME = AccentColor;
				CODE_SIGN_STYLE = Automatic;
				CURRENT_PROJECT_VERSION = 1;
				DEVELOPMENT_TEAM = DVC3LMSS9Q;
				GENERATE_INFOPLIST_FILE = YES;
				INFOPLIST_FILE = NamozVaqtlari_API/Info.plist;
				INFOPLIST_KEY_UIApplicationSupportsIndirectInputEvents = YES;
				INFOPLIST_KEY_UILaunchStoryboardName = LaunchScreen;
				INFOPLIST_KEY_UIMainStoryboardFile = Main;
				INFOPLIST_KEY_UISupportedInterfaceOrientations_iPad = "UIInterfaceOrientationPortrait UIInterfaceOrientationPortraitUpsideDown UIInterfaceOrientationLandscapeLeft UIInterfaceOrientationLandscapeRight";
				INFOPLIST_KEY_UISupportedInterfaceOrientations_iPhone = "UIInterfaceOrientationPortrait UIInterfaceOrientationLandscapeLeft UIInterfaceOrientationLandscapeRight";
				LD_RUNPATH_SEARCH_PATHS = (
					"$(inherited)",
					"@executable_path/Frameworks",
				);
				MARKETING_VERSION = 1.0;
				PRODUCT_BUNDLE_IDENTIFIER = "integerAcademy.uz.NamozVaqtlari-API";
				PRODUCT_NAME = "$(TARGET_NAME)";
				SWIFT_EMIT_LOC_STRINGS = YES;
				SWIFT_VERSION = 5.0;
				TARGETED_DEVICE_FAMILY = "1,2";
			};
			name = Debug;
		};
		CC5AA3A9296444E70008ADF2 /* Release */ = {
			isa = XCBuildConfiguration;
			baseConfigurationReference = AEA10117F09C9AC96408525C /* Pods-NamozVaqtlari_API.release.xcconfig */;
			buildSettings = {
				ASSETCATALOG_COMPILER_APPICON_NAME = AppIcon;
				ASSETCATALOG_COMPILER_GLOBAL_ACCENT_COLOR_NAME = AccentColor;
				CODE_SIGN_STYLE = Automatic;
				CURRENT_PROJECT_VERSION = 1;
				DEVELOPMENT_TEAM = DVC3LMSS9Q;
				GENERATE_INFOPLIST_FILE = YES;
				INFOPLIST_FILE = NamozVaqtlari_API/Info.plist;
				INFOPLIST_KEY_UIApplicationSupportsIndirectInputEvents = YES;
				INFOPLIST_KEY_UILaunchStoryboardName = LaunchScreen;
				INFOPLIST_KEY_UIMainStoryboardFile = Main;
				INFOPLIST_KEY_UISupportedInterfaceOrientations_iPad = "UIInterfaceOrientationPortrait UIInterfaceOrientationPortraitUpsideDown UIInterfaceOrientationLandscapeLeft UIInterfaceOrientationLandscapeRight";
				INFOPLIST_KEY_UISupportedInterfaceOrientations_iPhone = "UIInterfaceOrientationPortrait UIInterfaceOrientationLandscapeLeft UIInterfaceOrientationLandscapeRight";
				LD_RUNPATH_SEARCH_PATHS = (
					"$(inherited)",
					"@executable_path/Frameworks",
				);
				MARKETING_VERSION = 1.0;
				PRODUCT_BUNDLE_IDENTIFIER = "integerAcademy.uz.NamozVaqtlari-API";
				PRODUCT_NAME = "$(TARGET_NAME)";
				SWIFT_EMIT_LOC_STRINGS = YES;
				SWIFT_VERSION = 5.0;
				TARGETED_DEVICE_FAMILY = "1,2";
			};
			name = Release;
		};
/* End XCBuildConfiguration section */

/* Begin XCConfigurationList section */
		CC5AA38B296444E60008ADF2 /* Build configuration list for PBXProject "NamozVaqtlari_API" */ = {
			isa = XCConfigurationList;
			buildConfigurations = (
				CC5AA3A5296444E70008ADF2 /* Debug */,
				CC5AA3A6296444E70008ADF2 /* Release */,
			);
			defaultConfigurationIsVisible = 0;
			defaultConfigurationName = Release;
		};
		CC5AA3A7296444E70008ADF2 /* Build configuration list for PBXNativeTarget "NamozVaqtlari_API" */ = {
			isa = XCConfigurationList;
			buildConfigurations = (
				CC5AA3A8296444E70008ADF2 /* Debug */,
				CC5AA3A9296444E70008ADF2 /* Release */,
			);
			defaultConfigurationIsVisible = 0;
			defaultConfigurationName = Release;
		};
/* End XCConfigurationList section */

/* Begin XCVersionGroup section */
		CC5AA39C296444E60008ADF2 /* NamozVaqtlari_API.xcdatamodeld */ = {
			isa = XCVersionGroup;
			children = (
				CC5AA39D296444E60008ADF2 /* NamozVaqtlari_API.xcdatamodel */,
			);
			currentVersion = CC5AA39D296444E60008ADF2 /* NamozVaqtlari_API.xcdatamodel */;
			path = NamozVaqtlari_API.xcdatamodeld;
			sourceTree = "<group>";
			versionGroupType = wrapper.xcdatamodel;
		};
/* End XCVersionGroup section */
	};
	rootObject = CC5AA388296444E60008ADF2 /* Project object */;
}
